
Microsoft Visual Studio Solution File, Format Version 12.00
# Visual Studio 15
VisualStudioVersion = 15.0.27130.2010
MinimumVisualStudioVersion = 10.0.40219.1
Project("{FAE04EC0-301F-11D3-BF4B-00C04F79EFBC}") = "AsyncHttp", "AsyncHttp\AsyncHttp.csproj", "{278D2AC6-5EC9-4FD2-8F3E-056F6134DCA5}"
EndProject
Project("{FAE04EC0-301F-11D3-BF4B-00C04F79EFBC}") = "TPL", "TPL\TPL.csproj", "{26BE5EE2-256A-456E-BD30-C195207D0003}"
EndProject
Project("{FAE04EC0-301F-11D3-BF4B-00C04F79EFBC}") = "Interfaces", "Interfaces\Interfaces.csproj", "{DE4B4DC6-B271-4E48-ACAE-0CC98DBCAB9E}"
EndProject
Project("{FAE04EC0-301F-11D3-BF4B-00C04F79EFBC}") = "WebService", "WebService\WebService.csproj", "{8744368A-1734-468A-AE2F-71126642C20A}"
EndProject
Project("{FAE04EC0-301F-11D3-BF4B-00C04F79EFBC}") = "Actors", "Actors\Actors.csproj", "{C07A3FCF-6188-436E-B3E5-8B31C9853A46}"
EndProject
Global
	GlobalSection(SolutionConfigurationPlatforms) = preSolution
		Debug|Any CPU = Debug|Any CPU
		Release|Any CPU = Release|Any CPU
	EndGlobalSection
	GlobalSection(ProjectConfigurationPlatforms) = postSolution
		{278D2AC6-5EC9-4FD2-8F3E-056F6134DCA5}.Debug|Any CPU.ActiveCfg = Debug|Any CPU
		{278D2AC6-5EC9-4FD2-8F3E-056F6134DCA5}.Debug|Any CPU.Build.0 = Debug|Any CPU
		{278D2AC6-5EC9-4FD2-8F3E-056F6134DCA5}.Release|Any CPU.ActiveCfg = Release|Any CPU
		{278D2AC6-5EC9-4FD2-8F3E-056F6134DCA5}.Release|Any CPU.Build.0 = Release|Any CPU
		{26BE5EE2-256A-456E-BD30-C195207D0003}.Debug|Any CPU.ActiveCfg = Debug|Any CPU
		{26BE5EE2-256A-456E-BD30-C195207D0003}.Debug|Any CPU.Build.0 = Debug|Any CPU
		{26BE5EE2-256A-456E-BD30-C195207D0003}.Release|Any CPU.ActiveCfg = Release|Any CPU
		{26BE5EE2-256A-456E-BD30-C195207D0003}.Release|Any CPU.Build.0 = Release|Any CPU
		{DE4B4DC6-B271-4E48-ACAE-0CC98DBCAB9E}.Debug|Any CPU.ActiveCfg = Debug|Any CPU
		{DE4B4DC6-B271-4E48-ACAE-0CC98DBCAB9E}.Debug|Any CPU.Build.0 = Debug|Any CPU
		{DE4B4DC6-B271-4E48-ACAE-0CC98DBCAB9E}.Release|Any CPU.ActiveCfg = Release|Any CPU
		{DE4B4DC6-B271-4E48-ACAE-0CC98DBCAB9E}.Release|Any CPU.Build.0 = Release|Any CPU
		{8744368A-1734-468A-AE2F-71126642C20A}.Debug|Any CPU.ActiveCfg = Debug|Any CPU
		{8744368A-1734-468A-AE2F-71126642C20A}.Debug|Any CPU.Build.0 = Debug|Any CPU
		{8744368A-1734-468A-AE2F-71126642C20A}.Release|Any CPU.ActiveCfg = Release|Any CPU
		{8744368A-1734-468A-AE2F-71126642C20A}.Release|Any CPU.Build.0 = Release|Any CPU
		{C07A3FCF-6188-436E-B3E5-8B31C9853A46}.Debug|Any CPU.ActiveCfg = Debug|Any CPU
		{C07A3FCF-6188-436E-B3E5-8B31C9853A46}.Debug|Any CPU.Build.0 = Debug|Any CPU
		{C07A3FCF-6188-436E-B3E5-8B31C9853A46}.Release|Any CPU.ActiveCfg = Release|Any CPU
		{C07A3FCF-6188-436E-B3E5-8B31C9853A46}.Release|Any CPU.Build.0 = Release|Any CPU
	EndGlobalSection
	GlobalSection(SolutionProperties) = preSolution
		HideSolutionNode = FALSE
	EndGlobalSection
	GlobalSection(ExtensibilityGlobals) = postSolution
		SolutionGuid = {6813F471-4CD3-4810-8DC8-DD91773E55BE}
	EndGlobalSection
EndGlobal
